// !$*UTF8*$!
{
	archiveVersion = 1;
	classes = {
	};
	objectVersion = 46;
	objects = {

/* Begin PBXBuildFile section */
		B22CADF01EA07EE3003FF0C0 /* main.m in Sources */ = {isa = PBXBuildFile; fileRef = B22CADEF1EA07EE3003FF0C0 /* main.m */; };
		B22CADF31EA07EE3003FF0C0 /* AppDelegate.m in Sources */ = {isa = PBXBuildFile; fileRef = B22CADF21EA07EE3003FF0C0 /* AppDelegate.m */; };
		B22CADF61EA07EE3003FF0C0 /* ViewController.m in Sources */ = {isa = PBXBuildFile; fileRef = B22CADF51EA07EE3003FF0C0 /* ViewController.m */; };
		B22CADF91EA07EE3003FF0C0 /* Main.storyboard in Resources */ = {isa = PBXBuildFile; fileRef = B22CADF71EA07EE3003FF0C0 /* Main.storyboard */; };
		B22CADFB1EA07EE3003FF0C0 /* Assets.xcassets in Resources */ = {isa = PBXBuildFile; fileRef = B22CADFA1EA07EE3003FF0C0 /* Assets.xcassets */; };
		B22CADFE1EA07EE3003FF0C0 /* LaunchScreen.storyboard in Resources */ = {isa = PBXBuildFile; fileRef = B22CADFC1EA07EE3003FF0C0 /* LaunchScreen.storyboard */; };
		B22CAE091EA07EE3003FF0C0 /* OneKeXinLive414Tests.m in Sources */ = {isa = PBXBuildFile; fileRef = B22CAE081EA07EE3003FF0C0 /* OneKeXinLive414Tests.m */; };
		B22CAE141EA07EE3003FF0C0 /* OneKeXinLive414UITests.m in Sources */ = {isa = PBXBuildFile; fileRef = B22CAE131EA07EE3003FF0C0 /* OneKeXinLive414UITests.m */; };
/* End PBXBuildFile section */

/* Begin PBXContainerItemProxy section */
		B22CAE051EA07EE3003FF0C0 /* PBXContainerItemProxy */ = {
			isa = PBXContainerItemProxy;
			containerPortal = B22CADE31EA07EE3003FF0C0 /* Project object */;
			proxyType = 1;
			remoteGlobalIDString = B22CADEA1EA07EE3003FF0C0;
			remoteInfo = OneKeXinLive414;
		};
		B22CAE101EA07EE3003FF0C0 /* PBXContainerItemProxy */ = {
			isa = PBXContainerItemProxy;
			containerPortal = B22CADE31EA07EE3003FF0C0 /* Project object */;
			proxyType = 1;
			remoteGlobalIDString = B22CADEA1EA07EE3003FF0C0;
			remoteInfo = OneKeXinLive414;
		};
/* End PBXContainerItemProxy section */

/* Begin PBXFileReference section */
		B22CADEB1EA07EE3003FF0C0 /* OneKeXinLive414.app */ = {isa = PBXFileReference; explicitFileType = wrapper.application; includeInIndex = 0; path = OneKeXinLive414.app; sourceTree = BUILT_PRODUCTS_DIR; };
		B22CADEF1EA07EE3003FF0C0 /* main.m */ = {isa = PBXFileReference; lastKnownFileType = sourcecode.c.objc; path = main.m; sourceTree = "<group>"; };
		B22CADF11EA07EE3003FF0C0 /* AppDelegate.h */ = {isa = PBXFileReference; lastKnownFileType = sourcecode.c.h; path = AppDelegate.h; sourceTree = "<group>"; };
		B22CADF21EA07EE3003FF0C0 /* AppDelegate.m */ = {isa = PBXFileReference; lastKnownFileType = sourcecode.c.objc; path = AppDelegate.m; sourceTree = "<group>"; };
		B22CADF41EA07EE3003FF0C0 /* ViewController.h */ = {isa = PBXFileReference; lastKnownFileType = sourcecode.c.h; path = ViewController.h; sourceTree = "<group>"; };
		B22CADF51EA07EE3003FF0C0 /* ViewController.m */ = {isa = PBXFileReference; lastKnownFileType = sourcecode.c.objc; path = ViewController.m; sourceTree = "<group>"; };
		B22CADF81EA07EE3003FF0C0 /* Base */ = {isa = PBXFileReference; lastKnownFileType = file.storyboard; name = Base; path = Base.lproj/Main.storyboard; sourceTree = "<group>"; };
		B22CADFA1EA07EE3003FF0C0 /* Assets.xcassets */ = {isa = PBXFileReference; lastKnownFileType = folder.assetcatalog; path = Assets.xcassets; sourceTree = "<group>"; };
		B22CADFD1EA07EE3003FF0C0 /* Base */ = {isa = PBXFileReference; lastKnownFileType = file.storyboard; name = Base; path = Base.lproj/LaunchScreen.storyboard; sourceTree = "<group>"; };
		B22CADFF1EA07EE3003FF0C0 /* Info.plist */ = {isa = PBXFileReference; lastKnownFileType = text.plist.xml; path = Info.plist; sourceTree = "<group>"; };
		B22CAE041EA07EE3003FF0C0 /* OneKeXinLive414Tests.xctest */ = {isa = PBXFileReference; explicitFileType = wrapper.cfbundle; includeInIndex = 0; path = OneKeXinLive414Tests.xctest; sourceTree = BUILT_PRODUCTS_DIR; };
		B22CAE081EA07EE3003FF0C0 /* OneKeXinLive414Tests.m */ = {isa = PBXFileReference; lastKnownFileType = sourcecode.c.objc; path = OneKeXinLive414Tests.m; sourceTree = "<group>"; };
		B22CAE0A1EA07EE3003FF0C0 /* Info.plist */ = {isa = PBXFileReference; lastKnownFileType = text.plist.xml; path = Info.plist; sourceTree = "<group>"; };
		B22CAE0F1EA07EE3003FF0C0 /* OneKeXinLive414UITests.xctest */ = {isa = PBXFileReference; explicitFileType = wrapper.cfbundle; includeInIndex = 0; path = OneKeXinLive414UITests.xctest; sourceTree = BUILT_PRODUCTS_DIR; };
		B22CAE131EA07EE3003FF0C0 /* OneKeXinLive414UITests.m */ = {isa = PBXFileReference; lastKnownFileType = sourcecode.c.objc; path = OneKeXinLive414UITests.m; sourceTree = "<group>"; };
		B22CAE151EA07EE3003FF0C0 /* Info.plist */ = {isa = PBXFileReference; lastKnownFileType = text.plist.xml; path = Info.plist; sourceTree = "<group>"; };
		B249F0241EA08A2E00A0F799 /* PrefixHeader.pch */ = {isa = PBXFileReference; fileEncoding = 4; lastKnownFileType = sourcecode.c.h; path = PrefixHeader.pch; sourceTree = "<group>"; };
/* End PBXFileReference section */

/* Begin PBXFrameworksBuildPhase section */
		B22CADE81EA07EE3003FF0C0 /* Frameworks */ = {
			isa = PBXFrameworksBuildPhase;
			buildActionMask = 2147483647;
			files = (
			);
			runOnlyForDeploymentPostprocessing = 0;
		};
		B22CAE011EA07EE3003FF0C0 /* Frameworks */ = {
			isa = PBXFrameworksBuildPhase;
			buildActionMask = 2147483647;
			files = (
			);
			runOnlyForDeploymentPostprocessing = 0;
		};
		B22CAE0C1EA07EE3003FF0C0 /* Frameworks */ = {
			isa = PBXFrameworksBuildPhase;
			buildActionMask = 2147483647;
			files = (
			);
			runOnlyForDeploymentPostprocessing = 0;
		};
/* End PBXFrameworksBuildPhase section */

/* Begin PBXGroup section */
		B22CADE21EA07EE3003FF0C0 = {
			isa = PBXGroup;
			children = (
				B249F0241EA08A2E00A0F799 /* PrefixHeader.pch */,
				B22CADED1EA07EE3003FF0C0 /* OneKeXinLive414 */,
				B22CAE071EA07EE3003FF0C0 /* OneKeXinLive414Tests */,
				B22CAE121EA07EE3003FF0C0 /* OneKeXinLive414UITests */,
				B22CADEC1EA07EE3003FF0C0 /* Products */,
			);
			sourceTree = "<group>";
		};
		B22CADEC1EA07EE3003FF0C0 /* Products */ = {
			isa = PBXGroup;
			children = (
				B22CADEB1EA07EE3003FF0C0 /* OneKeXinLive414.app */,
				B22CAE041EA07EE3003FF0C0 /* OneKeXinLive414Tests.xctest */,
				B22CAE0F1EA07EE3003FF0C0 /* OneKeXinLive414UITests.xctest */,
			);
			name = Products;
			sourceTree = "<group>";
		};
		B22CADED1EA07EE3003FF0C0 /* OneKeXinLive414 */ = {
			isa = PBXGroup;
			children = (
				B22CADF11EA07EE3003FF0C0 /* AppDelegate.h */,
				B22CADF21EA07EE3003FF0C0 /* AppDelegate.m */,
				B22CADF41EA07EE3003FF0C0 /* ViewController.h */,
				B22CADF51EA07EE3003FF0C0 /* ViewController.m */,
				B22CADF71EA07EE3003FF0C0 /* Main.storyboard */,
				B22CADFA1EA07EE3003FF0C0 /* Assets.xcassets */,
				B22CADFC1EA07EE3003FF0C0 /* LaunchScreen.storyboard */,
				B22CADFF1EA07EE3003FF0C0 /* Info.plist */,
				B22CADEE1EA07EE3003FF0C0 /* Supporting Files */,
			);
			path = OneKeXinLive414;
			sourceTree = "<group>";
		};
		B22CADEE1EA07EE3003FF0C0 /* Supporting Files */ = {
			isa = PBXGroup;
			children = (
				B22CADEF1EA07EE3003FF0C0 /* main.m */,
			);
			name = "Supporting Files";
			sourceTree = "<group>";
		};
		B22CAE071EA07EE3003FF0C0 /* OneKeXinLive414Tests */ = {
			isa = PBXGroup;
			children = (
				B22CAE081EA07EE3003FF0C0 /* OneKeXinLive414Tests.m */,
				B22CAE0A1EA07EE3003FF0C0 /* Info.plist */,
			);
			path = OneKeXinLive414Tests;
			sourceTree = "<group>";
		};
		B22CAE121EA07EE3003FF0C0 /* OneKeXinLive414UITests */ = {
			isa = PBXGroup;
			children = (
				B22CAE131EA07EE3003FF0C0 /* OneKeXinLive414UITests.m */,
				B22CAE151EA07EE3003FF0C0 /* Info.plist */,
			);
			path = OneKeXinLive414UITests;
			sourceTree = "<group>";
		};
/* End PBXGroup section */

/* Begin PBXNativeTarget section */
		B22CADEA1EA07EE3003FF0C0 /* OneKeXinLive414 */ = {
			isa = PBXNativeTarget;
			buildConfigurationList = B22CAE181EA07EE3003FF0C0 /* Build configuration list for PBXNativeTarget "OneKeXinLive414" */;
			buildPhases = (
				B22CADE71EA07EE3003FF0C0 /* Sources */,
				B22CADE81EA07EE3003FF0C0 /* Frameworks */,
				B22CADE91EA07EE3003FF0C0 /* Resources */,
			);
			buildRules = (
			);
			dependencies = (
			);
			name = OneKeXinLive414;
			productName = OneKeXinLive414;
			productReference = B22CADEB1EA07EE3003FF0C0 /* OneKeXinLive414.app */;
			productType = "com.apple.product-type.application";
		};
		B22CAE031EA07EE3003FF0C0 /* OneKeXinLive414Tests */ = {
			isa = PBXNativeTarget;
			buildConfigurationList = B22CAE1B1EA07EE3003FF0C0 /* Build configuration list for PBXNativeTarget "OneKeXinLive414Tests" */;
			buildPhases = (
				B22CAE001EA07EE3003FF0C0 /* Sources */,
				B22CAE011EA07EE3003FF0C0 /* Frameworks */,
				B22CAE021EA07EE3003FF0C0 /* Resources */,
			);
			buildRules = (
			);
			dependencies = (
				B22CAE061EA07EE3003FF0C0 /* PBXTargetDependency */,
			);
			name = OneKeXinLive414Tests;
			productName = OneKeXinLive414Tests;
			productReference = B22CAE041EA07EE3003FF0C0 /* OneKeXinLive414Tests.xctest */;
			productType = "com.apple.product-type.bundle.unit-test";
		};
		B22CAE0E1EA07EE3003FF0C0 /* OneKeXinLive414UITests */ = {
			isa = PBXNativeTarget;
			buildConfigurationList = B22CAE1E1EA07EE3003FF0C0 /* Build configuration list for PBXNativeTarget "OneKeXinLive414UITests" */;
			buildPhases = (
				B22CAE0B1EA07EE3003FF0C0 /* Sources */,
				B22CAE0C1EA07EE3003FF0C0 /* Frameworks */,
				B22CAE0D1EA07EE3003FF0C0 /* Resources */,
			);
			buildRules = (
			);
			dependencies = (
				B22CAE111EA07EE3003FF0C0 /* PBXTargetDependency */,
			);
			name = OneKeXinLive414UITests;
			productName = OneKeXinLive414UITests;
			productReference = B22CAE0F1EA07EE3003FF0C0 /* OneKeXinLive414UITests.xctest */;
			productType = "com.apple.product-type.bundle.ui-testing";
		};
/* End PBXNativeTarget section */

/* Begin PBXProject section */
		B22CADE31EA07EE3003FF0C0 /* Project object */ = {
			isa = PBXProject;
			attributes = {
				LastUpgradeCheck = 0830;
				ORGANIZATIONNAME = macjaz;
				TargetAttributes = {
					B22CADEA1EA07EE3003FF0C0 = {
						CreatedOnToolsVersion = 8.3;
						DevelopmentTeam = JUA43X35CH;
						ProvisioningStyle = Automatic;
					};
					B22CAE031EA07EE3003FF0C0 = {
						CreatedOnToolsVersion = 8.3;
						DevelopmentTeam = JUA43X35CH;
						ProvisioningStyle = Automatic;
						TestTargetID = B22CADEA1EA07EE3003FF0C0;
					};
					B22CAE0E1EA07EE3003FF0C0 = {
						CreatedOnToolsVersion = 8.3;
						DevelopmentTeam = JUA43X35CH;
						ProvisioningStyle = Automatic;
						TestTargetID = B22CADEA1EA07EE3003FF0C0;
					};
				};
			};
			buildConfigurationList = B22CADE61EA07EE3003FF0C0 /* Build configuration list for PBXProject "OneKeXinLive414" */;
			compatibilityVersion = "Xcode 3.2";
			developmentRegion = English;
			hasScannedForEncodings = 0;
			knownRegions = (
				en,
				Base,
			);
			mainGroup = B22CADE21EA07EE3003FF0C0;
			productRefGroup = B22CADEC1EA07EE3003FF0C0 /* Products */;
			projectDirPath = "";
			projectRoot = "";
			targets = (
				B22CADEA1EA07EE3003FF0C0 /* OneKeXinLive414 */,
				B22CAE031EA07EE3003FF0C0 /* OneKeXinLive414Tests */,
				B22CAE0E1EA07EE3003FF0C0 /* OneKeXinLive414UITests */,
			);
		};
/* End PBXProject section */

/* Begin PBXResourcesBuildPhase section */
		B22CADE91EA07EE3003FF0C0 /* Resources */ = {
			isa = PBXResourcesBuildPhase;
			buildActionMask = 2147483647;
			files = (
				B22CADFE1EA07EE3003FF0C0 /* LaunchScreen.storyboard in Resources */,
				B22CADFB1EA07EE3003FF0C0 /* Assets.xcassets in Resources */,
				B22CADF91EA07EE3003FF0C0 /* Main.storyboard in Resources */,
			);
			runOnlyForDeploymentPostprocessing = 0;
		};
		B22CAE021EA07EE3003FF0C0 /* Resources */ = {
			isa = PBXResourcesBuildPhase;
			buildActionMask = 2147483647;
			files = (
			);
			runOnlyForDeploymentPostprocessing = 0;
		};
		B22CAE0D1EA07EE3003FF0C0 /* Resources */ = {
			isa = PBXResourcesBuildPhase;
			buildActionMask = 2147483647;
			files = (
			);
			runOnlyForDeploymentPostprocessing = 0;
		};
/* End PBXResourcesBuildPhase section */

/* Begin PBXSourcesBuildPhase section */
		B22CADE71EA07EE3003FF0C0 /* Sources */ = {
			isa = PBXSourcesBuildPhase;
			buildActionMask = 2147483647;
			files = (
				B22CADF61EA07EE3003FF0C0 /* ViewController.m in Sources */,
				B22CADF31EA07EE3003FF0C0 /* AppDelegate.m in Sources */,
				B22CADF01EA07EE3003FF0C0 /* main.m in Sources */,
			);
			runOnlyForDeploymentPostprocessing = 0;
		};
		B22CAE001EA07EE3003FF0C0 /* Sources */ = {
			isa = PBXSourcesBuildPhase;
			buildActionMask = 2147483647;
			files = (
				B22CAE091EA07EE3003FF0C0 /* OneKeXinLive414Tests.m in Sources */,
			);
			runOnlyForDeploymentPostprocessing = 0;
		};
		B22CAE0B1EA07EE3003FF0C0 /* Sources */ = {
			isa = PBXSourcesBuildPhase;
			buildActionMask = 2147483647;
			files = (
				B22CAE141EA07EE3003FF0C0 /* OneKeXinLive414UITests.m in Sources */,
			);
			runOnlyForDeploymentPostprocessing = 0;
		};
/* End PBXSourcesBuildPhase section */

/* Begin PBXTargetDependency section */
		B22CAE061EA07EE3003FF0C0 /* PBXTargetDependency */ = {
			isa = PBXTargetDependency;
			target = B22CADEA1EA07EE3003FF0C0 /* OneKeXinLive414 */;
			targetProxy = B22CAE051EA07EE3003FF0C0 /* PBXContainerItemProxy */;
		};
		B22CAE111EA07EE3003FF0C0 /* PBXTargetDependency */ = {
			isa = PBXTargetDependency;
			target = B22CADEA1EA07EE3003FF0C0 /* OneKeXinLive414 */;
			targetProxy = B22CAE101EA07EE3003FF0C0 /* PBXContainerItemProxy */;
		};
/* End PBXTargetDependency section */

/* Begin PBXVariantGroup section */
		B22CADF71EA07EE3003FF0C0 /* Main.storyboard */ = {
			isa = PBXVariantGroup;
			children = (
				B22CADF81EA07EE3003FF0C0 /* Base */,
			);
			name = Main.storyboard;
			sourceTree = "<group>";
		};
		B22CADFC1EA07EE3003FF0C0 /* LaunchScreen.storyboard */ = {
			isa = PBXVariantGroup;
			children = (
				B22CADFD1EA07EE3003FF0C0 /* Base */,
			);
			name = LaunchScreen.storyboard;
			sourceTree = "<group>";
		};
/* End PBXVariantGroup section */

/* Begin XCBuildConfiguration section */
		B22CAE161EA07EE3003FF0C0 /* Debug */ = {
			isa = XCBuildConfiguration;
			buildSettings = {
				ALWAYS_SEARCH_USER_PATHS = NO;
				CLANG_ANALYZER_NONNULL = YES;
				CLANG_ANALYZER_NUMBER_OBJECT_CONVERSION = YES_AGGRESSIVE;
				CLANG_CXX_LANGUAGE_STANDARD = "gnu++0x";
				CLANG_CXX_LIBRARY = "libc++";
				CLANG_ENABLE_MODULES = YES;
				CLANG_ENABLE_OBJC_ARC = YES;
				CLANG_WARN_BOOL_CONVERSION = YES;
				CLANG_WARN_CONSTANT_CONVERSION = YES;
				CLANG_WARN_DIRECT_OBJC_ISA_USAGE = YES_ERROR;
				CLANG_WARN_DOCUMENTATION_COMMENTS = YES;
				CLANG_WARN_EMPTY_BODY = YES;
				CLANG_WARN_ENUM_CONVERSION = YES;
				CLANG_WARN_INFINITE_RECURSION = YES;
				CLANG_WARN_INT_CONVERSION = YES;
				CLANG_WARN_OBJC_ROOT_CLASS = YES_ERROR;
				CLANG_WARN_SUSPICIOUS_MOVE = YES;
				CLANG_WARN_UNREACHABLE_CODE = YES;
				CLANG_WARN__DUPLICATE_METHOD_MATCH = YES;
				"CODE_SIGN_IDENTITY[sdk=iphoneos*]" = "iPhone Developer";
				COPY_PHASE_STRIP = NO;
				DEBUG_INFORMATION_FORMAT = dwarf;
				ENABLE_STRICT_OBJC_MSGSEND = YES;
				ENABLE_TESTABILITY = YES;
				GCC_C_LANGUAGE_STANDARD = gnu99;
				GCC_DYNAMIC_NO_PIC = NO;
				GCC_NO_COMMON_BLOCKS = YES;
				GCC_OPTIMIZATION_LEVEL = 0;
				GCC_PREPROCESSOR_DEFINITIONS = (
					"DEBUG=1",
					"$(inherited)",
				);
				GCC_WARN_64_TO_32_BIT_CONVERSION = YES;
				GCC_WARN_ABOUT_RETURN_TYPE = YES_ERROR;
				GCC_WARN_UNDECLARED_SELECTOR = YES;
				GCC_WARN_UNINITIALIZED_AUTOS = YES_AGGRESSIVE;
				GCC_WARN_UNUSED_FUNCTION = YES;
				GCC_WARN_UNUSED_VARIABLE = YES;
				IPHONEOS_DEPLOYMENT_TARGET = 10.3;
				MTL_ENABLE_DEBUG_INFO = YES;
				ONLY_ACTIVE_ARCH = YES;
				SDKROOT = iphoneos;
			};
			name = Debug;
		};
		B22CAE171EA07EE3003FF0C0 /* Release */ = {
			isa = XCBuildConfiguration;
			buildSettings = {
				ALWAYS_SEARCH_USER_PATHS = NO;
				CLANG_ANALYZER_NONNULL = YES;
				CLANG_ANALYZER_NUMBER_OBJECT_CONVERSION = YES_AGGRESSIVE;
				CLANG_CXX_LANGUAGE_STANDARD = "gnu++0x";
				CLANG_CXX_LIBRARY = "libc++";
				CLANG_ENABLE_MODULES = YES;
				CLANG_ENABLE_OBJC_ARC = YES;
				CLANG_WARN_BOOL_CONVERSION = YES;
				CLANG_WARN_CONSTANT_CONVERSION = YES;
				CLANG_WARN_DIRECT_OBJC_ISA_USAGE = YES_ERROR;
				CLANG_WARN_DOCUMENTATION_COMMENTS = YES;
				CLANG_WARN_EMPTY_BODY = YES;
				CLANG_WARN_ENUM_CONVERSION = YES;
				CLANG_WARN_INFINITE_RECURSION = YES;
				CLANG_WARN_INT_CONVERSION = YES;
				CLANG_WARN_OBJC_ROOT_CLASS = YES_ERROR;
				CLANG_WARN_SUSPICIOUS_MOVE = YES;
				CLANG_WARN_UNREACHABLE_CODE = YES;
				CLANG_WARN__DUPLICATE_METHOD_MATCH = YES;
				"CODE_SIGN_IDENTITY[sdk=iphoneos*]" = "iPhone Developer";
				COPY_PHASE_STRIP = NO;
				DEBUG_INFORMATION_FORMAT = "dwarf-with-dsym";
				ENABLE_NS_ASSERTIONS = NO;
				ENABLE_STRICT_OBJC_MSGSEND = YES;
				GCC_C_LANGUAGE_STANDARD = gnu99;
				GCC_NO_COMMON_BLOCKS = YES;
				GCC_WARN_64_TO_32_BIT_CONVERSION = YES;
				GCC_WARN_ABOUT_RETURN_TYPE = YES_ERROR;
				GCC_WARN_UNDECLARED_SELECTOR = YES;
				GCC_WARN_UNINITIALIZED_AUTOS = YES_AGGRESSIVE;
				GCC_WARN_UNUSED_FUNCTION = YES;
				GCC_WARN_UNUSED_VARIABLE = YES;
				IPHONEOS_DEPLOYMENT_TARGET = 10.3;
				MTL_ENABLE_DEBUG_INFO = NO;
				SDKROOT = iphoneos;
				VALIDATE_PRODUCT = YES;
			};
			name = Release;
		};
		B22CAE191EA07EE3003FF0C0 /* Debug */ = {
			isa = XCBuildConfiguration;
			buildSettings = {
				ASSETCATALOG_COMPILER_APPICON_NAME = AppIcon;
				DEVELOPMENT_TEAM = JUA43X35CH;
				INFOPLIST_FILE = OneKeXinLive414/Info.plist;
				LD_RUNPATH_SEARCH_PATHS = "$(inherited) @executable_path/Frameworks";
				PRODUCT_BUNDLE_IDENTIFIER = macjaz.OneKeXinLive414;
				PRODUCT_NAME = "$(TARGET_NAME)";
			};
			name = Debug;
		};
		B22CAE1A1EA07EE3003FF0C0 /* Release */ = {
			isa = XCBuildConfiguration;
			buildSettings = {
				ASSETCATALOG_COMPILER_APPICON_NAME = AppIcon;
				DEVELOPMENT_TEAM = JUA43X35CH;
				INFOPLIST_FILE = OneKeXinLive414/Info.plist;
				LD_RUNPATH_SEARCH_PATHS = "$(inherited) @executable_path/Frameworks";
				PRODUCT_BUNDLE_IDENTIFIER = macjaz.OneKeXinLive414;
				PRODUCT_NAME = "$(TARGET_NAME)";
			};
			name = Release;
		};
		B22CAE1C1EA07EE3003FF0C0 /* Debug */ = {
			isa = XCBuildConfiguration;
			buildSettings = {
				BUNDLE_LOADER = "$(TEST_HOST)";
				DEVELOPMENT_TEAM = JUA43X35CH;
				INFOPLIST_FILE = OneKeXinLive414Tests/Info.plist;
				LD_RUNPATH_SEARCH_PATHS = "$(inherited) @executable_path/Frameworks @loader_path/Frameworks";
				PRODUCT_BUNDLE_IDENTIFIER = macjaz.OneKeXinLive414Tests;
				PRODUCT_NAME = "$(TARGET_NAME)";
				TEST_HOST = "$(BUILT_PRODUCTS_DIR)/OneKeXinLive414.app/OneKeXinLive414";
			};
			name = Debug;
		};
		B22CAE1D1EA07EE3003FF0C0 /* Release */ = {
			isa = XCBuildConfiguration;
			buildSettings = {
				BUNDLE_LOADER = "$(TEST_HOST)";
				DEVELOPMENT_TEAM = JUA43X35CH;
				INFOPLIST_FILE = OneKeXinLive414Tests/Info.plist;
				LD_RUNPATH_SEARCH_PATHS = "$(inherited) @executable_path/Frameworks @loader_path/Frameworks";
				PRODUCT_BUNDLE_IDENTIFIER = macjaz.OneKeXinLive414Tests;
				PRODUCT_NAME = "$(TARGET_NAME)";
				TEST_HOST = "$(BUILT_PRODUCTS_DIR)/OneKeXinLive414.app/OneKeXinLive414";
			};
			name = Release;
		};
		B22CAE1F1EA07EE3003FF0C0 /* Debug */ = {
			isa = XCBuildConfiguration;
			buildSettings = {
				DEVELOPMENT_TEAM = JUA43X35CH;
				INFOPLIST_FILE = OneKeXinLive414UITests/Info.plist;
				LD_RUNPATH_SEARCH_PATHS = "$(inherited) @executable_path/Frameworks @loader_path/Frameworks";
				PRODUCT_BUNDLE_IDENTIFIER = macjaz.OneKeXinLive414UITests;
				PRODUCT_NAME = "$(TARGET_NAME)";
				TEST_TARGET_NAME = OneKeXinLive414;
			};
			name = Debug;
		};
		B22CAE201EA07EE3003FF0C0 /* Release */ = {
			isa = XCBuildConfiguration;
			buildSettings = {
				DEVELOPMENT_TEAM = JUA43X35CH;
				INFOPLIST_FILE = OneKeXinLive414UITests/Info.plist;
				LD_RUNPATH_SEARCH_PATHS = "$(inherited) @executable_path/Frameworks @loader_path/Frameworks";
				PRODUCT_BUNDLE_IDENTIFIER = macjaz.OneKeXinLive414UITests;
				PRODUCT_NAME = "$(TARGET_NAME)";
				TEST_TARGET_NAME = OneKeXinLive414;
			};
			name = Release;
		};
/* End XCBuildConfiguration section */

/* Begin XCConfigurationList section */
		B22CADE61EA07EE3003FF0C0 /* Build configuration list for PBXProject "OneKeXinLive414" */ = {
			isa = XCConfigurationList;
			buildConfigurations = (
				B22CAE161EA07EE3003FF0C0 /* Debug */,
				B22CAE171EA07EE3003FF0C0 /* Release */,
			);
			defaultConfigurationIsVisible = 0;
			defaultConfigurationName = Release;
		};
		B22CAE181EA07EE3003FF0C0 /* Build configuration list for PBXNativeTarget "OneKeXinLive414" */ = {
			isa = XCConfigurationList;
			buildConfigurations = (
				B22CAE191EA07EE3003FF0C0 /* Debug */,
				B22CAE1A1EA07EE3003FF0C0 /* Release */,
			);
			defaultConfigurationIsVisible = 0;
			defaultConfigurationName = Release;
		};
		B22CAE1B1EA07EE3003FF0C0 /* Build configuration list for PBXNativeTarget "OneKeXinLive414Tests" */ = {
			isa = XCConfigurationList;
			buildConfigurations = (
				B22CAE1C1EA07EE3003FF0C0 /* Debug */,
				B22CAE1D1EA07EE3003FF0C0 /* Release */,
			);
			defaultConfigurationIsVisible = 0;
			defaultConfigurationName = Release;
		};
		B22CAE1E1EA07EE3003FF0C0 /* Build configuration list for PBXNativeTarget "OneKeXinLive414UITests" */ = {
			isa = XCConfigurationList;
			buildConfigurations = (
				B22CAE1F1EA07EE3003FF0C0 /* Debug */,
				B22CAE201EA07EE3003FF0C0 /* Release */,
			);
			defaultConfigurationIsVisible = 0;
			defaultConfigurationName = Release;
		};
/* End XCConfigurationList section */
	};
	rootObject = B22CADE31EA07EE3003FF0C0 /* Project object */;
}
